// !$*UTF8*$!
{
	archiveVersion = 1;
	classes = {
	};
	objectVersion = 46;
	objects = {

/* Begin PBXBuildFile section */
		40D3946B1CB2130400ECF20D /* MSSChineseCalendarManager.m in Sources */ = {isa = PBXBuildFile; fileRef = 40D3946A1CB2130400ECF20D /* MSSChineseCalendarManager.m */; };
		40D3946E1CB23B0700ECF20D /* MSSCalendarHeaderModel.m in Sources */ = {isa = PBXBuildFile; fileRef = 40D3946D1CB23B0700ECF20D /* MSSCalendarHeaderModel.m */; };
		40D394721CB24D6600ECF20D /* MSSCircleLabel.m in Sources */ = {isa = PBXBuildFile; fileRef = 40D394711CB24D6600ECF20D /* MSSCircleLabel.m */; };
		40D6199B1CC3671400A531EA /* MSSCalendarPopView.m in Sources */ = {isa = PBXBuildFile; fileRef = 40D6199A1CC3671400A531EA /* MSSCalendarPopView.m */; };
		40F521631CB10EBF006FFA37 /* main.m in Sources */ = {isa = PBXBuildFile; fileRef = 40F521621CB10EBF006FFA37 /* main.m */; };
		40F521661CB10EBF006FFA37 /* AppDelegate.m in Sources */ = {isa = PBXBuildFile; fileRef = 40F521651CB10EBF006FFA37 /* AppDelegate.m */; };
		40F521691CB10EBF006FFA37 /* ViewController.m in Sources */ = {isa = PBXBuildFile; fileRef = 40F521681CB10EBF006FFA37 /* ViewController.m */; };
		40F5216C1CB10EBF006FFA37 /* Main.storyboard in Resources */ = {isa = PBXBuildFile; fileRef = 40F5216A1CB10EBF006FFA37 /* Main.storyboard */; };
		40F5216E1CB10EBF006FFA37 /* Assets.xcassets in Resources */ = {isa = PBXBuildFile; fileRef = 40F5216D1CB10EBF006FFA37 /* Assets.xcassets */; };
		40F521711CB10EBF006FFA37 /* LaunchScreen.storyboard in Resources */ = {isa = PBXBuildFile; fileRef = 40F5216F1CB10EBF006FFA37 /* LaunchScreen.storyboard */; };
		40F5217B1CB10F52006FFA37 /* MSSCalendarManager.m in Sources */ = {isa = PBXBuildFile; fileRef = 40F5217A1CB10F52006FFA37 /* MSSCalendarManager.m */; };
		40F521811CB10FB7006FFA37 /* MSSCalendarViewController.m in Sources */ = {isa = PBXBuildFile; fileRef = 40F521801CB10FB7006FFA37 /* MSSCalendarViewController.m */; };
		40F521841CB10FDD006FFA37 /* MSSCalendarCollectionViewCell.m in Sources */ = {isa = PBXBuildFile; fileRef = 40F521831CB10FDD006FFA37 /* MSSCalendarCollectionViewCell.m */; };
		40F521871CB10FF8006FFA37 /* MSSCalendarCollectionReusableView.m in Sources */ = {isa = PBXBuildFile; fileRef = 40F521861CB10FF8006FFA37 /* MSSCalendarCollectionReusableView.m */; };
/* End PBXBuildFile section */

/* Begin PBXFileReference section */
		40D394691CB2130400ECF20D /* MSSChineseCalendarManager.h */ = {isa = PBXFileReference; fileEncoding = 4; lastKnownFileType = sourcecode.c.h; path = MSSChineseCalendarManager.h; sourceTree = "<group>"; };
		40D3946A1CB2130400ECF20D /* MSSChineseCalendarManager.m */ = {isa = PBXFileReference; fileEncoding = 4; lastKnownFileType = sourcecode.c.objc; path = MSSChineseCalendarManager.m; sourceTree = "<group>"; };
		40D3946C1CB23B0700ECF20D /* MSSCalendarHeaderModel.h */ = {isa = PBXFileReference; fileEncoding = 4; lastKnownFileType = sourcecode.c.h; path = MSSCalendarHeaderModel.h; sourceTree = "<group>"; };
		40D3946D1CB23B0700ECF20D /* MSSCalendarHeaderModel.m */ = {isa = PBXFileReference; fileEncoding = 4; lastKnownFileType = sourcecode.c.objc; path = MSSCalendarHeaderModel.m; sourceTree = "<group>"; };
		40D3946F1CB23FD300ECF20D /* MSSCalendarDefine.h */ = {isa = PBXFileReference; lastKnownFileType = sourcecode.c.h; path = MSSCalendarDefine.h; sourceTree = "<group>"; };
		40D394701CB24D6600ECF20D /* MSSCircleLabel.h */ = {isa = PBXFileReference; fileEncoding = 4; lastKnownFileType = sourcecode.c.h; path = MSSCircleLabel.h; sourceTree = "<group>"; };
		40D394711CB24D6600ECF20D /* MSSCircleLabel.m */ = {isa = PBXFileReference; fileEncoding = 4; lastKnownFileType = sourcecode.c.objc; path = MSSCircleLabel.m; sourceTree = "<group>"; };
		40D619991CC3671400A531EA /* MSSCalendarPopView.h */ = {isa = PBXFileReference; fileEncoding = 4; lastKnownFileType = sourcecode.c.h; path = MSSCalendarPopView.h; sourceTree = "<group>"; };
		40D6199A1CC3671400A531EA /* MSSCalendarPopView.m */ = {isa = PBXFileReference; fileEncoding = 4; lastKnownFileType = sourcecode.c.objc; path = MSSCalendarPopView.m; sourceTree = "<group>"; };
		40F5215E1CB10EBF006FFA37 /* MSSCalendar.app */ = {isa = PBXFileReference; explicitFileType = wrapper.application; includeInIndex = 0; path = MSSCalendar.app; sourceTree = BUILT_PRODUCTS_DIR; };
		40F521621CB10EBF006FFA37 /* main.m */ = {isa = PBXFileReference; lastKnownFileType = sourcecode.c.objc; path = main.m; sourceTree = "<group>"; };
		40F521641CB10EBF006FFA37 /* AppDelegate.h */ = {isa = PBXFileReference; lastKnownFileType = sourcecode.c.h; path = AppDelegate.h; sourceTree = "<group>"; };
		40F521651CB10EBF006FFA37 /* AppDelegate.m */ = {isa = PBXFileReference; lastKnownFileType = sourcecode.c.objc; path = AppDelegate.m; sourceTree = "<group>"; };
		40F521671CB10EBF006FFA37 /* ViewController.h */ = {isa = PBXFileReference; lastKnownFileType = sourcecode.c.h; path = ViewController.h; sourceTree = "<group>"; };
		40F521681CB10EBF006FFA37 /* ViewController.m */ = {isa = PBXFileReference; lastKnownFileType = sourcecode.c.objc; path = ViewController.m; sourceTree = "<group>"; };
		40F5216B1CB10EBF006FFA37 /* Base */ = {isa = PBXFileReference; lastKnownFileType = file.storyboard; name = Base; path = Base.lproj/Main.storyboard; sourceTree = "<group>"; };
		40F5216D1CB10EBF006FFA37 /* Assets.xcassets */ = {isa = PBXFileReference; lastKnownFileType = folder.assetcatalog; path = Assets.xcassets; sourceTree = "<group>"; };
		40F521701CB10EBF006FFA37 /* Base */ = {isa = PBXFileReference; lastKnownFileType = file.storyboard; name = Base; path = Base.lproj/LaunchScreen.storyboard; sourceTree = "<group>"; };
		40F521721CB10EBF006FFA37 /* Info.plist */ = {isa = PBXFileReference; lastKnownFileType = text.plist.xml; path = Info.plist; sourceTree = "<group>"; };
		40F521791CB10F52006FFA37 /* MSSCalendarManager.h */ = {isa = PBXFileReference; fileEncoding = 4; lastKnownFileType = sourcecode.c.h; path = MSSCalendarManager.h; sourceTree = "<group>"; };
		40F5217A1CB10F52006FFA37 /* MSSCalendarManager.m */ = {isa = PBXFileReference; fileEncoding = 4; lastKnownFileType = sourcecode.c.objc; path = MSSCalendarManager.m; sourceTree = "<group>"; };
		40F5217F1CB10FB7006FFA37 /* MSSCalendarViewController.h */ = {isa = PBXFileReference; fileEncoding = 4; lastKnownFileType = sourcecode.c.h; path = MSSCalendarViewController.h; sourceTree = "<group>"; };
		40F521801CB10FB7006FFA37 /* MSSCalendarViewController.m */ = {isa = PBXFileReference; fileEncoding = 4; lastKnownFileType = sourcecode.c.objc; path = MSSCalendarViewController.m; sourceTree = "<group>"; };
		40F521821CB10FDD006FFA37 /* MSSCalendarCollectionViewCell.h */ = {isa = PBXFileReference; fileEncoding = 4; lastKnownFileType = sourcecode.c.h; path = MSSCalendarCollectionViewCell.h; sourceTree = "<group>"; };
		40F521831CB10FDD006FFA37 /* MSSCalendarCollectionViewCell.m */ = {isa = PBXFileReference; fileEncoding = 4; lastKnownFileType = sourcecode.c.objc; path = MSSCalendarCollectionViewCell.m; sourceTree = "<group>"; };
		40F521851CB10FF8006FFA37 /* MSSCalendarCollectionReusableView.h */ = {isa = PBXFileReference; fileEncoding = 4; lastKnownFileType = sourcecode.c.h; path = MSSCalendarCollectionReusableView.h; sourceTree = "<group>"; };
		40F521861CB10FF8006FFA37 /* MSSCalendarCollectionReusableView.m */ = {isa = PBXFileReference; fileEncoding = 4; lastKnownFileType = sourcecode.c.objc; path = MSSCalendarCollectionReusableView.m; sourceTree = "<group>"; };
/* End PBXFileReference section */

/* Begin PBXFrameworksBuildPhase section */
		40F5215B1CB10EBF006FFA37 /* Frameworks */ = {
			isa = PBXFrameworksBuildPhase;
			buildActionMask = 2147483647;
			files = (
			);
			runOnlyForDeploymentPostprocessing = 0;
		};
/* End PBXFrameworksBuildPhase section */

/* Begin PBXGroup section */
		40F521551CB10EBF006FFA37 = {
			isa = PBXGroup;
			children = (
				40F521601CB10EBF006FFA37 /* MSSCalendar */,
				40F5215F1CB10EBF006FFA37 /* Products */,
			);
			sourceTree = "<group>";
		};
		40F5215F1CB10EBF006FFA37 /* Products */ = {
			isa = PBXGroup;
			children = (
				40F5215E1CB10EBF006FFA37 /* MSSCalendar.app */,
			);
			name = Products;
			sourceTree = "<group>";
		};
		40F521601CB10EBF006FFA37 /* MSSCalendar */ = {
			isa = PBXGroup;
			children = (
				40F521781CB10F1C006FFA37 /* MSSCalendar */,
				40F521641CB10EBF006FFA37 /* AppDelegate.h */,
				40F521651CB10EBF006FFA37 /* AppDelegate.m */,
				40F521671CB10EBF006FFA37 /* ViewController.h */,
				40F521681CB10EBF006FFA37 /* ViewController.m */,
				40F5216A1CB10EBF006FFA37 /* Main.storyboard */,
				40F5216D1CB10EBF006FFA37 /* Assets.xcassets */,
				40F5216F1CB10EBF006FFA37 /* LaunchScreen.storyboard */,
				40F521721CB10EBF006FFA37 /* Info.plist */,
				40F521611CB10EBF006FFA37 /* Supporting Files */,
			);
			path = MSSCalendar;
			sourceTree = "<group>";
		};
		40F521611CB10EBF006FFA37 /* Supporting Files */ = {
			isa = PBXGroup;
			children = (
				40F521621CB10EBF006FFA37 /* main.m */,
			);
			name = "Supporting Files";
			sourceTree = "<group>";
		};
		40F521781CB10F1C006FFA37 /* MSSCalendar */ = {
			isa = PBXGroup;
			children = (
				40D3946F1CB23FD300ECF20D /* MSSCalendarDefine.h */,
				40F5217F1CB10FB7006FFA37 /* MSSCalendarViewController.h */,
				40F521801CB10FB7006FFA37 /* MSSCalendarViewController.m */,
				40F521791CB10F52006FFA37 /* MSSCalendarManager.h */,
				40F5217A1CB10F52006FFA37 /* MSSCalendarManager.m */,
				40D394691CB2130400ECF20D /* MSSChineseCalendarManager.h */,
				40D3946A1CB2130400ECF20D /* MSSChineseCalendarManager.m */,
				40D3946C1CB23B0700ECF20D /* MSSCalendarHeaderModel.h */,
				40D3946D1CB23B0700ECF20D /* MSSCalendarHeaderModel.m */,
				40F521821CB10FDD006FFA37 /* MSSCalendarCollectionViewCell.h */,
				40F521831CB10FDD006FFA37 /* MSSCalendarCollectionViewCell.m */,
				40F521851CB10FF8006FFA37 /* MSSCalendarCollectionReusableView.h */,
				40F521861CB10FF8006FFA37 /* MSSCalendarCollectionReusableView.m */,
				40D394701CB24D6600ECF20D /* MSSCircleLabel.h */,
				40D394711CB24D6600ECF20D /* MSSCircleLabel.m */,
				40D619991CC3671400A531EA /* MSSCalendarPopView.h */,
				40D6199A1CC3671400A531EA /* MSSCalendarPopView.m */,
			);
			path = MSSCalendar;
			sourceTree = "<group>";
		};
/* End PBXGroup section */

/* Begin PBXNativeTarget section */
		40F5215D1CB10EBF006FFA37 /* MSSCalendar */ = {
			isa = PBXNativeTarget;
			buildConfigurationList = 40F521751CB10EBF006FFA37 /* Build configuration list for PBXNativeTarget "MSSCalendar" */;
			buildPhases = (
				40F5215A1CB10EBF006FFA37 /* Sources */,
				40F5215B1CB10EBF006FFA37 /* Frameworks */,
				40F5215C1CB10EBF006FFA37 /* Resources */,
			);
			buildRules = (
			);
			dependencies = (
			);
			name = MSSCalendar;
			productName = MSSCalendar;
			productReference = 40F5215E1CB10EBF006FFA37 /* MSSCalendar.app */;
			productType = "com.apple.product-type.application";
		};
/* End PBXNativeTarget section */

/* Begin PBXProject section */
		40F521561CB10EBF006FFA37 /* Project object */ = {
			isa = PBXProject;
			attributes = {
				LastUpgradeCheck = 0720;
				ORGANIZATIONNAME = "于威";
				TargetAttributes = {
					40F5215D1CB10EBF006FFA37 = {
						CreatedOnToolsVersion = 7.2.1;
						DevelopmentTeam = Q6L8ALP6SS;
					};
				};
			};
			buildConfigurationList = 40F521591CB10EBF006FFA37 /* Build configuration list for PBXProject "MSSCalendar" */;
			compatibilityVersion = "Xcode 3.2";
			developmentRegion = English;
			hasScannedForEncodings = 0;
			knownRegions = (
				en,
				Base,
			);
			mainGroup = 40F521551CB10EBF006FFA37;
			productRefGroup = 40F5215F1CB10EBF006FFA37 /* Products */;
			projectDirPath = "";
			projectRoot = "";
			targets = (
				40F5215D1CB10EBF006FFA37 /* MSSCalendar */,
			);
		};
/* End PBXProject section */

/* Begin PBXResourcesBuildPhase section */
		40F5215C1CB10EBF006FFA37 /* Resources */ = {
			isa = PBXResourcesBuildPhase;
			buildActionMask = 2147483647;
			files = (
				40F521711CB10EBF006FFA37 /* LaunchScreen.storyboard in Resources */,
				40F5216E1CB10EBF006FFA37 /* Assets.xcassets in Resources */,
				40F5216C1CB10EBF006FFA37 /* Main.storyboard in Resources */,
			);
			runOnlyForDeploymentPostprocessing = 0;
		};
/* End PBXResourcesBuildPhase section */

/* Begin PBXSourcesBuildPhase section */
		40F5215A1CB10EBF006FFA37 /* Sources */ = {
			isa = PBXSourcesBuildPhase;
			buildActionMask = 2147483647;
			files = (
				40F521691CB10EBF006FFA37 /* ViewController.m in Sources */,
				40F521661CB10EBF006FFA37 /* AppDelegate.m in Sources */,
				40F521841CB10FDD006FFA37 /* MSSCalendarCollectionViewCell.m in Sources */,
				40F521631CB10EBF006FFA37 /* main.m in Sources */,
				40F521871CB10FF8006FFA37 /* MSSCalendarCollectionReusableView.m in Sources */,
				40D3946E1CB23B0700ECF20D /* MSSCalendarHeaderModel.m in Sources */,
				40D3946B1CB2130400ECF20D /* MSSChineseCalendarManager.m in Sources */,
				40F521811CB10FB7006FFA37 /* MSSCalendarViewController.m in Sources */,
				40D394721CB24D6600ECF20D /* MSSCircleLabel.m in Sources */,
				40D6199B1CC3671400A531EA /* MSSCalendarPopView.m in Sources */,
				40F5217B1CB10F52006FFA37 /* MSSCalendarManager.m in Sources */,
			);
			runOnlyForDeploymentPostprocessing = 0;
		};
/* End PBXSourcesBuildPhase section */

/* Begin PBXVariantGroup section */
		40F5216A1CB10EBF006FFA37 /* Main.storyboard */ = {
			isa = PBXVariantGroup;
			children = (
				40F5216B1CB10EBF006FFA37 /* Base */,
			);
			name = Main.storyboard;
			sourceTree = "<group>";
		};
		40F5216F1CB10EBF006FFA37 /* LaunchScreen.storyboard */ = {
			isa = PBXVariantGroup;
			children = (
				40F521701CB10EBF006FFA37 /* Base */,
			);
			name = LaunchScreen.storyboard;
			sourceTree = "<group>";
		};
/* End PBXVariantGroup section */

/* Begin XCBuildConfiguration section */
		40F521731CB10EBF006FFA37 /* Debug */ = {
			isa = XCBuildConfiguration;
			buildSettings = {
				ALWAYS_SEARCH_USER_PATHS = NO;
				CLANG_CXX_LANGUAGE_STANDARD = "gnu++0x";
				CLANG_CXX_LIBRARY = "libc++";
				CLANG_ENABLE_MODULES = YES;
				CLANG_ENABLE_OBJC_ARC = YES;
				CLANG_WARN_BOOL_CONVERSION = YES;
				CLANG_WARN_CONSTANT_CONVERSION = YES;
				CLANG_WARN_DIRECT_OBJC_ISA_USAGE = YES_ERROR;
				CLANG_WARN_EMPTY_BODY = YES;
				CLANG_WARN_ENUM_CONVERSION = YES;
				CLANG_WARN_INT_CONVERSION = YES;
				CLANG_WARN_OBJC_ROOT_CLASS = YES_ERROR;
				CLANG_WARN_UNREACHABLE_CODE = YES;
				CLANG_WARN__DUPLICATE_METHOD_MATCH = YES;
				"CODE_SIGN_IDENTITY[sdk=iphoneos*]" = "iPhone Developer";
				COPY_PHASE_STRIP = NO;
				DEBUG_INFORMATION_FORMAT = dwarf;
				ENABLE_STRICT_OBJC_MSGSEND = YES;
				ENABLE_TESTABILITY = YES;
				GCC_C_LANGUAGE_STANDARD = gnu99;
				GCC_DYNAMIC_NO_PIC = NO;
				GCC_NO_COMMON_BLOCKS = YES;
				GCC_OPTIMIZATION_LEVEL = 0;
				GCC_PREPROCESSOR_DEFINITIONS = (
					"DEBUG=1",
					"$(inherited)",
				);
				GCC_WARN_64_TO_32_BIT_CONVERSION = YES;
				GCC_WARN_ABOUT_RETURN_TYPE = YES_ERROR;
				GCC_WARN_UNDECLARED_SELECTOR = YES;
				GCC_WARN_UNINITIALIZED_AUTOS = YES_AGGRESSIVE;
				GCC_WARN_UNUSED_FUNCTION = YES;
				GCC_WARN_UNUSED_VARIABLE = YES;
				IPHONEOS_DEPLOYMENT_TARGET = 7.0;
				MTL_ENABLE_DEBUG_INFO = YES;
				ONLY_ACTIVE_ARCH = YES;
				SDKROOT = iphoneos;
				TARGETED_DEVICE_FAMILY = "1,2";
			};
			name = Debug;
		};
		40F521741CB10EBF006FFA37 /* Release */ = {
			isa = XCBuildConfiguration;
			buildSettings = {
				ALWAYS_SEARCH_USER_PATHS = NO;
				CLANG_CXX_LANGUAGE_STANDARD = "gnu++0x";
				CLANG_CXX_LIBRARY = "libc++";
				CLANG_ENABLE_MODULES = YES;
				CLANG_ENABLE_OBJC_ARC = YES;
				CLANG_WARN_BOOL_CONVERSION = YES;
				CLANG_WARN_CONSTANT_CONVERSION = YES;
				CLANG_WARN_DIRECT_OBJC_ISA_USAGE = YES_ERROR;
				CLANG_WARN_EMPTY_BODY = YES;
				CLANG_WARN_ENUM_CONVERSION = YES;
				CLANG_WARN_INT_CONVERSION = YES;
				CLANG_WARN_OBJC_ROOT_CLASS = YES_ERROR;
				CLANG_WARN_UNREACHABLE_CODE = YES;
				CLANG_WARN__DUPLICATE_METHOD_MATCH = YES;
				"CODE_SIGN_IDENTITY[sdk=iphoneos*]" = "iPhone Developer";
				COPY_PHASE_STRIP = NO;
				DEBUG_INFORMATION_FORMAT = "dwarf-with-dsym";
				ENABLE_NS_ASSERTIONS = NO;
				ENABLE_STRICT_OBJC_MSGSEND = YES;
				GCC_C_LANGUAGE_STANDARD = gnu99;
				GCC_NO_COMMON_BLOCKS = YES;
				GCC_WARN_64_TO_32_BIT_CONVERSION = YES;
				GCC_WARN_ABOUT_RETURN_TYPE = YES_ERROR;
				GCC_WARN_UNDECLARED_SELECTOR = YES;
				GCC_WARN_UNINITIALIZED_AUTOS = YES_AGGRESSIVE;
				GCC_WARN_UNUSED_FUNCTION = YES;
				GCC_WARN_UNUSED_VARIABLE = YES;
				IPHONEOS_DEPLOYMENT_TARGET = 7.0;
				MTL_ENABLE_DEBUG_INFO = NO;
				SDKROOT = iphoneos;
				TARGETED_DEVICE_FAMILY = "1,2";
				VALIDATE_PRODUCT = YES;
			};
			name = Release;
		};
		40F521761CB10EBF006FFA37 /* Debug */ = {
			isa = XCBuildConfiguration;
			buildSettings = {
				ASSETCATALOG_COMPILER_APPICON_NAME = AppIcon;
				INFOPLIST_FILE = MSSCalendar/Info.plist;
				IPHONEOS_DEPLOYMENT_TARGET = 7.0;
				LD_RUNPATH_SEARCH_PATHS = "$(inherited) @executable_path/Frameworks";
				PRODUCT_BUNDLE_IDENTIFIER = com.mss.MSSCalendar;
				PRODUCT_NAME = "$(TARGET_NAME)";
			};
			name = Debug;
		};
		40F521771CB10EBF006FFA37 /* Release */ = {
			isa = XCBuildConfiguration;
			buildSettings = {
				ASSETCATALOG_COMPILER_APPICON_NAME = AppIcon;
				INFOPLIST_FILE = MSSCalendar/Info.plist;
				IPHONEOS_DEPLOYMENT_TARGET = 7.0;
				LD_RUNPATH_SEARCH_PATHS = "$(inherited) @executable_path/Frameworks";
				PRODUCT_BUNDLE_IDENTIFIER = com.mss.MSSCalendar;
				PRODUCT_NAME = "$(TARGET_NAME)";
			};
			name = Release;
		};
/* End XCBuildConfiguration section */

/* Begin XCConfigurationList section */
		40F521591CB10EBF006FFA37 /* Build configuration list for PBXProject "MSSCalendar" */ = {
			isa = XCConfigurationList;
			buildConfigurations = (
				40F521731CB10EBF006FFA37 /* Debug */,
				40F521741CB10EBF006FFA37 /* Release */,
			);
			defaultConfigurationIsVisible = 0;
			defaultConfigurationName = Release;
		};
		40F521751CB10EBF006FFA37 /* Build configuration list for PBXNativeTarget "MSSCalendar" */ = {
			isa = XCConfigurationList;
			buildConfigurations = (
				40F521761CB10EBF006FFA37 /* Debug */,
				40F521771CB10EBF006FFA37 /* Release */,
			);
			defaultConfigurationIsVisible = 0;
			defaultConfigurationName = Release;
		};
/* End XCConfigurationList section */
	};
	rootObject = 40F521561CB10EBF006FFA37 /* Project object */;
}
